{
  "name": "vscode-units-extension",
  "version": "0.0.1",
  "lockfileVersion": 3,
  "requires": true,
  "packages": {
    "": {
      "name": "vscode-units-extension",
      "version": "0.0.1",
      "dependencies": {
        "yaml-ast-parser": "^0.0.43"
      },
      "devDependencies": {
        "@types/node": "^18.19.101",
        "@types/vscode": "^1.100.0",
        "typescript": "^5.8.3",
        "yaml": "^2.8.0"
      },
      "engines": {
        "vscode": "^1.80.0"
      }
    },
    "node_modules/@types/node": {
      "version": "18.19.101",
      "resolved": "https://registry.npmjs.org/@types/node/-/node-18.19.101.tgz",
      "integrity": "sha512-Ykg7fcE3+cOQlLUv2Ds3zil6DVjriGQaSN/kEpl5HQ3DIGM6W0F2n9+GkWV4bRt7KjLymgzNdTnSKCbFUUJ7Kw==",
      "dev": true,
      "dependencies": {
        "undici-types": "~5.26.4"
      }
    },
    "node_modules/@types/vscode": {
      "version": "1.100.0",
      "resolved": "https://registry.npmjs.org/@types/vscode/-/vscode-1.100.0.tgz",
      "integrity": "sha512-4uNyvzHoraXEeCamR3+fzcBlh7Afs4Ifjs4epINyUX/jvdk0uzLnwiDY35UKDKnkCHP5Nu3dljl2H8lR6s+rQw==",
      "dev": true
    },
    "node_modules/typescript": {
      "version": "5.8.3",
      "resolved": "https://registry.npmjs.org/typescript/-/typescript-5.8.3.tgz",
      "integrity": "sha512-p1diW6TqL9L07nNxvRMM7hMMw4c5XOo/1ibL4aAIGmSAt9slTE1Xgw5KWuof2uTOvCg9BY7ZRi+GaF+7sfgPeQ==",
      "dev": true,
      "bin": {
        "tsc": "bin/tsc",
        "tsserver": "bin/tsserver"
      },
      "engines": {
        "node": ">=14.17"
      }
    },
    "node_modules/undici-types": {
      "version": "5.26.5",
      "resolved": "https://registry.npmjs.org/undici-types/-/undici-types-5.26.5.tgz",
      "integrity": "sha512-JlCMO+ehdEIKqlFxk6IfVoAUVmgz7cU7zD/h9XZ0qzeosSHmUJVOzSQvvYSYWXkFXC+IfLKSIffhv0sVZup6pA==",
      "dev": true
    },
    "node_modules/yaml": {
      "version": "2.8.0",
      "resolved": "https://registry.npmjs.org/yaml/-/yaml-2.8.0.tgz",
      "integrity": "sha512-4lLa/EcQCB0cJkyts+FpIRx5G/llPxfP6VQU5KByHEhLxY3IJCH0f0Hy1MHI8sClTvsIb8qwRJ6R/ZdlDJ/leQ==",
      "dev": true,
      "bin": {
        "yaml": "bin.mjs"
      },
      "engines": {
        "node": ">= 14.6"
      }
    },
    "node_modules/yaml-ast-parser": {
      "version": "0.0.43",
      "resolved": "https://registry.npmjs.org/yaml-ast-parser/-/yaml-ast-parser-0.0.43.tgz",
      "integrity": "sha512-2PTINUwsRqSd+s8XxKaJWQlUuEMHJQyEuh2edBbW8KNJz0SJPwUSD2zRWqezFEdN7IzAgeuYHFUCF7o8zRdZ0A=="
    }
  }
}
